
Microsoft Visual Studio Solution File, Format Version 12.00
# Visual Studio Version 17
VisualStudioVersion = 17.4.33205.214
MinimumVisualStudioVersion = 10.0.40219.1
Project("{9A19103F-16F7-4668-BE54-9A1E7A4F7556}") = "Raeffs.DeckBridge.DelverLens", "Raeffs.DeckBridge.DelverLens\Raeffs.DeckBridge.DelverLens.csproj", "{B829403F-B33A-4A7C-92C4-A9E5CDE944C5}"
EndProject
Project("{9A19103F-16F7-4668-BE54-9A1E7A4F7556}") = "Raeffs.DeckBridge.Common", "Raeffs.DeckBridge.Common\Raeffs.DeckBridge.Common.csproj", "{226621C2-010B-4910-87D4-A0B39D55975F}"
EndProject
Project("{9A19103F-16F7-4668-BE54-9A1E7A4F7556}") = "Raeffs.DeckBridge.Scryfall", "Raeffs.DeckBridge.Scryfall\Raeffs.DeckBridge.Scryfall.csproj", "{BCA34BC9-FF87-484C-BF4C-44F2945EE106}"
EndProject
Project("{9A19103F-16F7-4668-BE54-9A1E7A4F7556}") = "Raeffs.DeckBridge.Api", "Raeffs.DeckBridge.Api\Raeffs.DeckBridge.Api.csproj", "{CA9C4F0D-12C0-4792-81AD-A8E1C912E2C2}"
EndProject
Project("{9A19103F-16F7-4668-BE54-9A1E7A4F7556}") = "Raeffs.DeckBridge.Deckstats", "Raeffs.DeckBridge.Deckstats\Raeffs.DeckBridge.Deckstats.csproj", "{B2D92157-F608-4F32-9E1F-DC082A1EC113}"
EndProject
Project("{9A19103F-16F7-4668-BE54-9A1E7A4F7556}") = "Raeffs.DeckBridge.Cli", "Raeffs.DeckBridge.Cli\Raeffs.DeckBridge.Cli.csproj", "{1A99869F-AAA8-4E0C-9F80-E9A34FB39620}"
EndProject
Project("{9A19103F-16F7-4668-BE54-9A1E7A4F7556}") = "Raeffs.DeckBridge.Generic", "Raeffs.DeckBridge.Generic\Raeffs.DeckBridge.Generic.csproj", "{B53503CE-568B-409B-92F5-E6B1A6930867}"
EndProject
Project("{9A19103F-16F7-4668-BE54-9A1E7A4F7556}") = "Raeffs.DeckBridge.OfflineCli", "Raeffs.DeckBridge.OfflineCli\Raeffs.DeckBridge.OfflineCli.csproj", "{32559A70-8737-44AD-8A3B-4CB8CE36453E}"
EndProject
Project("{9A19103F-16F7-4668-BE54-9A1E7A4F7556}") = "Raeffs.DeckBridge.Moxfield", "Raeffs.DeckBridge.Moxfield\Raeffs.DeckBridge.Moxfield.csproj", "{9152E4FC-2199-471E-B913-6D48A060D35A}"
EndProject
Project("{9A19103F-16F7-4668-BE54-9A1E7A4F7556}") = "Raeffs.DeckBridge.Engine", "Raeffs.DeckBridge.Engine\Raeffs.DeckBridge.Engine.csproj", "{B7AD902A-5701-4BCB-86BB-2247E4E17E51}"
EndProject
Project("{9A19103F-16F7-4668-BE54-9A1E7A4F7556}") = "Raeffs.DeckBridge.Csv", "Raeffs.DeckBridge.Csv\Raeffs.DeckBridge.Csv.csproj", "{CD739352-270B-473E-9700-9051D82947EC}"
EndProject
Project("{9A19103F-16F7-4668-BE54-9A1E7A4F7556}") = "Raeffs.DeckBridge.MagicOnline", "Raeffs.DeckBridge.MagicOnline\Raeffs.DeckBridge.MagicOnline.csproj", "{DEF91E8D-6B43-418F-8751-129E6BA8975D}"
EndProject
Project("{9A19103F-16F7-4668-BE54-9A1E7A4F7556}") = "Raeffs.DeckBridge.Text", "Raeffs.DeckBridge.Text\Raeffs.DeckBridge.Text.csproj", "{325D47CB-2972-4D87-B654-5D3EF44998FA}"
EndProject
Project("{2150E333-8FDC-42A3-9474-1A3956D46DE8}") = "Formats", "Formats", "{1E355EEC-FCBA-482E-878F-626E8D0D2AF4}"
EndProject
Project("{2150E333-8FDC-42A3-9474-1A3956D46DE8}") = "Tools", "Tools", "{3FEE9CD2-8BBD-441C-9303-081A773E075B}"
EndProject
Project("{FAE04EC0-301F-11D3-BF4B-00C04F79EFBC}") = "Raeffs.DeckBridge.DelverLens.Extractor", "Raeffs.DeckBridge.DelverLens.Extractor\Raeffs.DeckBridge.DelverLens.Extractor.csproj", "{EF5C52BF-452B-42F2-8A8C-29D63160E7F2}"
EndProject
Global
	GlobalSection(SolutionConfigurationPlatforms) = preSolution
		Debug|Any CPU = Debug|Any CPU
		Release|Any CPU = Release|Any CPU
	EndGlobalSection
	GlobalSection(ProjectConfigurationPlatforms) = postSolution
		{B829403F-B33A-4A7C-92C4-A9E5CDE944C5}.Debug|Any CPU.ActiveCfg = Debug|Any CPU
		{B829403F-B33A-4A7C-92C4-A9E5CDE944C5}.Debug|Any CPU.Build.0 = Debug|Any CPU
		{B829403F-B33A-4A7C-92C4-A9E5CDE944C5}.Release|Any CPU.ActiveCfg = Release|Any CPU
		{B829403F-B33A-4A7C-92C4-A9E5CDE944C5}.Release|Any CPU.Build.0 = Release|Any CPU
		{226621C2-010B-4910-87D4-A0B39D55975F}.Debug|Any CPU.ActiveCfg = Debug|Any CPU
		{226621C2-010B-4910-87D4-A0B39D55975F}.Debug|Any CPU.Build.0 = Debug|Any CPU
		{226621C2-010B-4910-87D4-A0B39D55975F}.Release|Any CPU.ActiveCfg = Release|Any CPU
		{226621C2-010B-4910-87D4-A0B39D55975F}.Release|Any CPU.Build.0 = Release|Any CPU
		{BCA34BC9-FF87-484C-BF4C-44F2945EE106}.Debug|Any CPU.ActiveCfg = Debug|Any CPU
		{BCA34BC9-FF87-484C-BF4C-44F2945EE106}.Debug|Any CPU.Build.0 = Debug|Any CPU
		{BCA34BC9-FF87-484C-BF4C-44F2945EE106}.Release|Any CPU.ActiveCfg = Release|Any CPU
		{BCA34BC9-FF87-484C-BF4C-44F2945EE106}.Release|Any CPU.Build.0 = Release|Any CPU
		{CA9C4F0D-12C0-4792-81AD-A8E1C912E2C2}.Debug|Any CPU.ActiveCfg = Debug|Any CPU
		{CA9C4F0D-12C0-4792-81AD-A8E1C912E2C2}.Debug|Any CPU.Build.0 = Debug|Any CPU
		{CA9C4F0D-12C0-4792-81AD-A8E1C912E2C2}.Release|Any CPU.ActiveCfg = Release|Any CPU
		{CA9C4F0D-12C0-4792-81AD-A8E1C912E2C2}.Release|Any CPU.Build.0 = Release|Any CPU
		{B2D92157-F608-4F32-9E1F-DC082A1EC113}.Debug|Any CPU.ActiveCfg = Debug|Any CPU
		{B2D92157-F608-4F32-9E1F-DC082A1EC113}.Debug|Any CPU.Build.0 = Debug|Any CPU
		{B2D92157-F608-4F32-9E1F-DC082A1EC113}.Release|Any CPU.ActiveCfg = Release|Any CPU
		{B2D92157-F608-4F32-9E1F-DC082A1EC113}.Release|Any CPU.Build.0 = Release|Any CPU
		{1A99869F-AAA8-4E0C-9F80-E9A34FB39620}.Debug|Any CPU.ActiveCfg = Debug|Any CPU
		{1A99869F-AAA8-4E0C-9F80-E9A34FB39620}.Debug|Any CPU.Build.0 = Debug|Any CPU
		{1A99869F-AAA8-4E0C-9F80-E9A34FB39620}.Release|Any CPU.ActiveCfg = Release|Any CPU
		{1A99869F-AAA8-4E0C-9F80-E9A34FB39620}.Release|Any CPU.Build.0 = Release|Any CPU
		{B53503CE-568B-409B-92F5-E6B1A6930867}.Debug|Any CPU.ActiveCfg = Debug|Any CPU
		{B53503CE-568B-409B-92F5-E6B1A6930867}.Debug|Any CPU.Build.0 = Debug|Any CPU
		{B53503CE-568B-409B-92F5-E6B1A6930867}.Release|Any CPU.ActiveCfg = Release|Any CPU
		{B53503CE-568B-409B-92F5-E6B1A6930867}.Release|Any CPU.Build.0 = Release|Any CPU
		{32559A70-8737-44AD-8A3B-4CB8CE36453E}.Debug|Any CPU.ActiveCfg = Debug|Any CPU
		{32559A70-8737-44AD-8A3B-4CB8CE36453E}.Debug|Any CPU.Build.0 = Debug|Any CPU
		{32559A70-8737-44AD-8A3B-4CB8CE36453E}.Release|Any CPU.ActiveCfg = Release|Any CPU
		{32559A70-8737-44AD-8A3B-4CB8CE36453E}.Release|Any CPU.Build.0 = Release|Any CPU
		{9152E4FC-2199-471E-B913-6D48A060D35A}.Debug|Any CPU.ActiveCfg = Debug|Any CPU
		{9152E4FC-2199-471E-B913-6D48A060D35A}.Debug|Any CPU.Build.0 = Debug|Any CPU
		{9152E4FC-2199-471E-B913-6D48A060D35A}.Release|Any CPU.ActiveCfg = Release|Any CPU
		{9152E4FC-2199-471E-B913-6D48A060D35A}.Release|Any CPU.Build.0 = Release|Any CPU
		{B7AD902A-5701-4BCB-86BB-2247E4E17E51}.Debug|Any CPU.ActiveCfg = Debug|Any CPU
		{B7AD902A-5701-4BCB-86BB-2247E4E17E51}.Debug|Any CPU.Build.0 = Debug|Any CPU
		{B7AD902A-5701-4BCB-86BB-2247E4E17E51}.Release|Any CPU.ActiveCfg = Release|Any CPU
		{B7AD902A-5701-4BCB-86BB-2247E4E17E51}.Release|Any CPU.Build.0 = Release|Any CPU
		{CD739352-270B-473E-9700-9051D82947EC}.Debug|Any CPU.ActiveCfg = Debug|Any CPU
		{CD739352-270B-473E-9700-9051D82947EC}.Debug|Any CPU.Build.0 = Debug|Any CPU
		{CD739352-270B-473E-9700-9051D82947EC}.Release|Any CPU.ActiveCfg = Release|Any CPU
		{CD739352-270B-473E-9700-9051D82947EC}.Release|Any CPU.Build.0 = Release|Any CPU
		{DEF91E8D-6B43-418F-8751-129E6BA8975D}.Debug|Any CPU.ActiveCfg = Debug|Any CPU
		{DEF91E8D-6B43-418F-8751-129E6BA8975D}.Debug|Any CPU.Build.0 = Debug|Any CPU
		{DEF91E8D-6B43-418F-8751-129E6BA8975D}.Release|Any CPU.ActiveCfg = Release|Any CPU
		{DEF91E8D-6B43-418F-8751-129E6BA8975D}.Release|Any CPU.Build.0 = Release|Any CPU
		{325D47CB-2972-4D87-B654-5D3EF44998FA}.Debug|Any CPU.ActiveCfg = Debug|Any CPU
		{325D47CB-2972-4D87-B654-5D3EF44998FA}.Debug|Any CPU.Build.0 = Debug|Any CPU
		{325D47CB-2972-4D87-B654-5D3EF44998FA}.Release|Any CPU.ActiveCfg = Release|Any CPU
		{325D47CB-2972-4D87-B654-5D3EF44998FA}.Release|Any CPU.Build.0 = Release|Any CPU
		{EF5C52BF-452B-42F2-8A8C-29D63160E7F2}.Debug|Any CPU.ActiveCfg = Debug|Any CPU
		{EF5C52BF-452B-42F2-8A8C-29D63160E7F2}.Debug|Any CPU.Build.0 = Debug|Any CPU
		{EF5C52BF-452B-42F2-8A8C-29D63160E7F2}.Release|Any CPU.ActiveCfg = Release|Any CPU
		{EF5C52BF-452B-42F2-8A8C-29D63160E7F2}.Release|Any CPU.Build.0 = Release|Any CPU
	EndGlobalSection
	GlobalSection(SolutionProperties) = preSolution
		HideSolutionNode = FALSE
	EndGlobalSection
	GlobalSection(NestedProjects) = preSolution
		{B829403F-B33A-4A7C-92C4-A9E5CDE944C5} = {1E355EEC-FCBA-482E-878F-626E8D0D2AF4}
		{BCA34BC9-FF87-484C-BF4C-44F2945EE106} = {1E355EEC-FCBA-482E-878F-626E8D0D2AF4}
		{B2D92157-F608-4F32-9E1F-DC082A1EC113} = {1E355EEC-FCBA-482E-878F-626E8D0D2AF4}
		{B53503CE-568B-409B-92F5-E6B1A6930867} = {1E355EEC-FCBA-482E-878F-626E8D0D2AF4}
		{9152E4FC-2199-471E-B913-6D48A060D35A} = {1E355EEC-FCBA-482E-878F-626E8D0D2AF4}
		{CD739352-270B-473E-9700-9051D82947EC} = {1E355EEC-FCBA-482E-878F-626E8D0D2AF4}
		{DEF91E8D-6B43-418F-8751-129E6BA8975D} = {1E355EEC-FCBA-482E-878F-626E8D0D2AF4}
		{325D47CB-2972-4D87-B654-5D3EF44998FA} = {1E355EEC-FCBA-482E-878F-626E8D0D2AF4}
		{EF5C52BF-452B-42F2-8A8C-29D63160E7F2} = {3FEE9CD2-8BBD-441C-9303-081A773E075B}
	EndGlobalSection
	GlobalSection(ExtensibilityGlobals) = postSolution
		SolutionGuid = {62D8CC0D-A180-44A3-96FB-78F4BD32D7CA}
	EndGlobalSection
EndGlobal
